
Microsoft Visual Studio Solution File, Format Version 12.00
# Visual Studio Version 16
VisualStudioVersion = 16.0.36631.11
MinimumVisualStudioVersion = 10.0.40219.1
Project("{FAE04EC0-301F-11D3-BF4B-00C04F79EFBC}") = "Hotelmgnt", "Hotemgnt\Hotelmgnt.csproj", "{9AC3E5B3-5F8D-41C6-862F-8A0B034FDC07}"
EndProject
Global
	GlobalSection(SolutionConfigurationPlatforms) = preSolution
		Debug|Any CPU = Debug|Any CPU
		Release|Any CPU = Release|Any CPU
	EndGlobalSection
	GlobalSection(ProjectConfigurationPlatforms) = postSolution
		{9AC3E5B3-5F8D-41C6-862F-8A0B034FDC07}.Debug|Any CPU.ActiveCfg = Debug|Any CPU
		{9AC3E5B3-5F8D-41C6-862F-8A0B034FDC07}.Debug|Any CPU.Build.0 = Debug|Any CPU
		{9AC3E5B3-5F8D-41C6-862F-8A0B034FDC07}.Release|Any CPU.ActiveCfg = Release|Any CPU
		{9AC3E5B3-5F8D-41C6-862F-8A0B034FDC07}.Release|Any CPU.Build.0 = Release|Any CPU
	EndGlobalSection
	GlobalSection(SolutionProperties) = preSolution
		HideSolutionNode = FALSE
	EndGlobalSection
	GlobalSection(ExtensibilityGlobals) = postSolution
		SolutionGuid = {69BCF487-9BB7-4082-879E-C805109F9282}
	EndGlobalSection
EndGlobal
